
Microsoft Visual Studio Solution File, Format Version 12.00
# Visual Studio Version 17
VisualStudioVersion = 17.1.32421.90
MinimumVisualStudioVersion = 10.0.40219.1
Project("{9A19103F-16F7-4668-BE54-9A1E7A4F7556}") = "MySite", "MySite\MySite.csproj", "{7D97E41C-6AFD-4A1B-8783-1662AC0BFD4E}"
EndProject
Global
	GlobalSection(SolutionConfigurationPlatforms) = preSolution
		Debug|Any CPU = Debug|Any CPU
		Release|Any CPU = Release|Any CPU
	EndGlobalSection
	GlobalSection(ProjectConfigurationPlatforms) = postSolution
		{7D97E41C-6AFD-4A1B-8783-1662AC0BFD4E}.Debug|Any CPU.ActiveCfg = Debug|Any CPU
		{7D97E41C-6AFD-4A1B-8783-1662AC0BFD4E}.Debug|Any CPU.Build.0 = Debug|Any CPU
		{7D97E41C-6AFD-4A1B-8783-1662AC0BFD4E}.Release|Any CPU.ActiveCfg = Release|Any CPU
		{7D97E41C-6AFD-4A1B-8783-1662AC0BFD4E}.Release|Any CPU.Build.0 = Release|Any CPU
	EndGlobalSection
	GlobalSection(SolutionProperties) = preSolution
		HideSolutionNode = FALSE
	EndGlobalSection
	GlobalSection(ExtensibilityGlobals) = postSolution
		SolutionGuid = {5DD9C73A-A302-44AC-978C-840DAE67E28B}
	EndGlobalSection
EndGlobal
